
Microsoft Visual Studio Solution File, Format Version 12.00
# Visual Studio 2013
VisualStudioVersion = 12.0.40629.0
MinimumVisualStudioVersion = 10.0.40219.1
Project("{FAE04EC0-301F-11D3-BF4B-00C04F79EFBC}") = "SimpleMVVM", "SimpleMVVM\SimpleMVVM.csproj", "{0982C0B2-E5BF-4C1A-A682-3089D4D07925}"
EndProject
Project("{FAE04EC0-301F-11D3-BF4B-00C04F79EFBC}") = "MVVMWithCommands", "MVVMWithCommands\MVVMWithCommands.csproj", "{E4ABA490-951E-4375-9C79-EA44E3363678}"
EndProject
Global
	GlobalSection(SolutionConfigurationPlatforms) = preSolution
		Debug|Any CPU = Debug|Any CPU
		Release|Any CPU = Release|Any CPU
	EndGlobalSection
	GlobalSection(ProjectConfigurationPlatforms) = postSolution
		{0982C0B2-E5BF-4C1A-A682-3089D4D07925}.Debug|Any CPU.ActiveCfg = Debug|Any CPU
		{0982C0B2-E5BF-4C1A-A682-3089D4D07925}.Debug|Any CPU.Build.0 = Debug|Any CPU
		{0982C0B2-E5BF-4C1A-A682-3089D4D07925}.Release|Any CPU.ActiveCfg = Release|Any CPU
		{0982C0B2-E5BF-4C1A-A682-3089D4D07925}.Release|Any CPU.Build.0 = Release|Any CPU
		{E4ABA490-951E-4375-9C79-EA44E3363678}.Debug|Any CPU.ActiveCfg = Debug|Any CPU
		{E4ABA490-951E-4375-9C79-EA44E3363678}.Debug|Any CPU.Build.0 = Debug|Any CPU
		{E4ABA490-951E-4375-9C79-EA44E3363678}.Release|Any CPU.ActiveCfg = Release|Any CPU
		{E4ABA490-951E-4375-9C79-EA44E3363678}.Release|Any CPU.Build.0 = Release|Any CPU
	EndGlobalSection
	GlobalSection(SolutionProperties) = preSolution
		HideSolutionNode = FALSE
	EndGlobalSection
EndGlobal
